{
  "version": 4,
  "terraform_version": "0.13.6",
  "serial": 10,
  "lineage": "b7888e92-8aba-e016-ee08-9e7ace38aced",
  "outputs": {},
  "resources": [
    {
      "mode": "managed",
      "type": "docker_container",
      "name": "db",
      "provider": "provider[\"registry.terraform.io/kreuzwerker/docker\"]",
      "instances": [
        {
          "schema_version": 2,
          "attributes": {
            "attach": false,
            "bridge": "",
            "capabilities": [],
            "command": [
              "mysqld"
            ],
            "container_logs": null,
            "cpu_set": "",
            "cpu_shares": 0,
            "destroy_grace_seconds": null,
            "devices": [],
            "dns": [],
            "dns_opts": [],
            "dns_search": [],
            "domainname": "",
            "entrypoint": [
              "docker-entrypoint.sh"
            ],
            "env": [
              "MYSQL_DATABASE=drupal",
              "MYSQL_PASSWORD=drupal",
              "MYSQL_ROOT_PASSWORD=root_secret",
              "MYSQL_USER=drupal"
            ],
            "exit_code": null,
            "gateway": "192.168.64.1",
            "group_add": [],
            "healthcheck": [],
            "host": [],
            "hostname": "416919847bcd",
            "id": "416919847bcd4b898ddbda461dbd867f96c402c466606913e835cd6e3a1ba4fd",
            "image": "sha256:8457e9155715d4e1c80c9e048d94c9b47b5b733fa927756280382dd326403644",
            "init": false,
            "ip_address": "192.168.64.3",
            "ip_prefix_length": 20,
            "ipc_mode": "private",
            "labels": [],
            "links": [],
            "log_driver": "json-file",
            "log_opts": {},
            "logs": false,
            "max_retry_count": 0,
            "memory": 0,
            "memory_swap": 0,
            "mounts": [],
            "must_run": true,
            "name": "db",
            "network_alias": null,
            "network_data": [
              {
                "gateway": "192.168.64.1",
                "global_ipv6_address": "",
                "global_ipv6_prefix_length": 0,
                "ip_address": "192.168.64.3",
                "ip_prefix_length": 20,
                "ipv6_gateway": "",
                "network_name": "wp_network"
              }
            ],
            "network_mode": "default",
            "networks": null,
            "networks_advanced": [
              {
                "aliases": [],
                "ipv4_address": "",
                "ipv6_address": "",
                "name": "wp_network"
              }
            ],
            "pid_mode": "",
            "ports": [],
            "privileged": false,
            "publish_all_ports": false,
            "read_only": false,
            "remove_volumes": true,
            "restart": "always",
            "rm": false,
            "security_opts": [],
            "shm_size": 64,
            "start": true,
            "stdin_open": false,
            "sysctls": {},
            "tmpfs": {},
            "tty": false,
            "ulimit": [],
            "upload": [],
            "user": "",
            "userns_mode": "",
            "volumes": [
              {
                "container_path": "/var/lib/mysql",
                "from_container": "",
                "host_path": "",
                "read_only": false,
                "volume_name": "db_data"
              }
            ],
            "working_dir": ""
          },
          "private": "eyJzY2hlbWFfdmVyc2lvbiI6IjIifQ==",
          "dependencies": [
            "docker_image.mysql",
            "docker_network.wp",
            "docker_volume.db_data"
          ]
        }
      ]
    },
    {
      "mode": "managed",
      "type": "docker_container",
      "name": "drupal",
      "provider": "provider[\"registry.terraform.io/kreuzwerker/docker\"]",
      "instances": [
        {
          "schema_version": 2,
          "attributes": {
            "attach": false,
            "bridge": "",
            "capabilities": [],
            "command": [
              "apache2-foreground"
            ],
            "container_logs": null,
            "cpu_set": "",
            "cpu_shares": 0,
            "destroy_grace_seconds": null,
            "devices": [],
            "dns": null,
            "dns_opts": null,
            "dns_search": null,
            "domainname": "",
            "entrypoint": [
              "docker-php-entrypoint"
            ],
            "env": [],
            "exit_code": null,
            "gateway": "192.168.64.1",
            "group_add": null,
            "healthcheck": null,
            "host": [],
            "hostname": "efed343cd1af",
            "id": "efed343cd1af40bd924433fe7dce85a4a665801b13fa51cf8e39dd1e9c597bb6",
            "image": "sha256:702254f4fdce495980eb7ba6f9c0ed11390b19a51435a79dbed3c154de3015ec",
            "init": false,
            "ip_address": "192.168.64.2",
            "ip_prefix_length": 20,
            "ipc_mode": "private",
            "labels": [],
            "links": null,
            "log_driver": "json-file",
            "log_opts": null,
            "logs": false,
            "max_retry_count": 0,
            "memory": 0,
            "memory_swap": 0,
            "mounts": [],
            "must_run": true,
            "name": "drupal",
            "network_alias": null,
            "network_data": [
              {
                "gateway": "192.168.64.1",
                "global_ipv6_address": "",
                "global_ipv6_prefix_length": 0,
                "ip_address": "192.168.64.2",
                "ip_prefix_length": 20,
                "ipv6_gateway": "",
                "network_name": "wp_network"
              }
            ],
            "network_mode": "default",
            "networks": null,
            "networks_advanced": [
              {
                "aliases": [],
                "ipv4_address": "",
                "ipv6_address": "",
                "name": "wp_network"
              }
            ],
            "pid_mode": "",
            "ports": [
              {
                "external": 8082,
                "internal": 80,
                "ip": "0.0.0.0",
                "protocol": "tcp"
              }
            ],
            "privileged": false,
            "publish_all_ports": false,
            "read_only": false,
            "remove_volumes": true,
            "restart": "always",
            "rm": false,
            "security_opts": [],
            "shm_size": 64,
            "start": true,
            "stdin_open": false,
            "sysctls": null,
            "tmpfs": null,
            "tty": false,
            "ulimit": [],
            "upload": [],
            "user": "",
            "userns_mode": "",
            "volumes": [],
            "working_dir": "/opt/drupal"
          },
          "private": "eyJzY2hlbWFfdmVyc2lvbiI6IjIifQ==",
          "dependencies": [
            "docker_image.drupal",
            "docker_network.wp"
          ]
        }
      ]
    },
    {
      "mode": "managed",
      "type": "docker_image",
      "name": "drupal",
      "provider": "provider[\"registry.terraform.io/kreuzwerker/docker\"]",
      "instances": [
        {
          "schema_version": 0,
          "attributes": {
            "build": [],
            "force_remove": null,
            "id": "sha256:702254f4fdce495980eb7ba6f9c0ed11390b19a51435a79dbed3c154de3015ecdrupal",
            "keep_locally": null,
            "latest": "sha256:702254f4fdce495980eb7ba6f9c0ed11390b19a51435a79dbed3c154de3015ec",
            "name": "drupal",
            "output": null,
            "pull_trigger": null,
            "pull_triggers": null
          },
          "private": "bnVsbA=="
        }
      ]
    },
    {
      "mode": "managed",
      "type": "docker_image",
      "name": "mysql",
      "provider": "provider[\"registry.terraform.io/kreuzwerker/docker\"]",
      "instances": [
        {
          "schema_version": 0,
          "attributes": {
            "build": [],
            "force_remove": null,
            "id": "sha256:8457e9155715d4e1c80c9e048d94c9b47b5b733fa927756280382dd326403644mysql",
            "keep_locally": null,
            "latest": "sha256:8457e9155715d4e1c80c9e048d94c9b47b5b733fa927756280382dd326403644",
            "name": "mysql",
            "output": null,
            "pull_trigger": null,
            "pull_triggers": null
          },
          "private": "bnVsbA=="
        }
      ]
    },
    {
      "mode": "managed",
      "type": "docker_network",
      "name": "wp",
      "provider": "provider[\"registry.terraform.io/kreuzwerker/docker\"]",
      "instances": [
        {
          "schema_version": 1,
          "attributes": {
            "attachable": false,
            "check_duplicate": null,
            "driver": "bridge",
            "id": "871d6c590a9e2c8bb3641435ac014113383ff7077768e0050f73d8f218ec85e1",
            "ingress": false,
            "internal": false,
            "ipam_config": [
              {
                "aux_address": {},
                "gateway": "192.168.64.1",
                "ip_range": "",
                "subnet": "192.168.64.0/20"
              }
            ],
            "ipam_driver": "default",
            "ipv6": false,
            "labels": [],
            "name": "wp_network",
            "options": {},
            "scope": "local"
          },
          "private": "eyJzY2hlbWFfdmVyc2lvbiI6IjEifQ=="
        }
      ]
    },
    {
      "mode": "managed",
      "type": "docker_volume",
      "name": "db_data",
      "provider": "provider[\"registry.terraform.io/kreuzwerker/docker\"]",
      "instances": [
        {
          "schema_version": 1,
          "attributes": {
            "driver": "local",
            "driver_opts": {},
            "id": "db_data",
            "labels": [],
            "mountpoint": "/var/lib/docker/volumes/db_data/_data",
            "name": "db_data"
          },
          "private": "eyJzY2hlbWFfdmVyc2lvbiI6IjEifQ=="
        }
      ]
    }
  ]
}
