{
  "version": 4,
  "terraform_version": "0.13.0",
  "serial": 10,
  "lineage": "8d679e67-1e0e-72aa-7eac-dc7643f35cdb",
  "outputs": {},
  "resources": [
    {
      "mode": "managed",
      "type": "docker_container",
      "name": "db",
      "provider": "provider[\"registry.terraform.io/terraform-providers/docker\"]",
      "instances": [
        {
          "schema_version": 2,
          "attributes": {
            "attach": false,
            "bridge": "",
            "capabilities": [],
            "command": [
              "mysqld"
            ],
            "container_logs": null,
            "cpu_set": "",
            "cpu_shares": 0,
            "destroy_grace_seconds": null,
            "devices": [],
            "dns": [],
            "dns_opts": [],
            "dns_search": [],
            "domainname": "",
            "entrypoint": [
              "docker-entrypoint.sh"
            ],
            "env": [
              "MYSQL_DATABASE=drupal",
              "MYSQL_PASSWORD=drupal",
              "MYSQL_ROOT_PASSWORD=root_secret",
              "MYSQL_USER=drupal"
            ],
            "exit_code": null,
            "gateway": "192.168.128.1",
            "group_add": [],
            "healthcheck": [],
            "host": [],
            "hostname": "491796c13888",
            "id": "491796c13888fc13fb773dc01ebc275281de86ff59196838a78638d1c32d3b9b",
            "image": "sha256:e1d7dc9731daa2c79858307d65ef35f543daf97457b9c11b681f78bb86f7a158",
            "ip_address": "192.168.128.3",
            "ip_prefix_length": 20,
            "ipc_mode": "private",
            "labels": [],
            "links": [],
            "log_driver": "json-file",
            "log_opts": {},
            "logs": false,
            "max_retry_count": 0,
            "memory": 0,
            "memory_swap": 0,
            "mounts": [],
            "must_run": true,
            "name": "db",
            "network_alias": null,
            "network_data": [
              {
                "gateway": "192.168.128.1",
                "ip_address": "192.168.128.3",
                "ip_prefix_length": 20,
                "network_name": "wp_network"
              }
            ],
            "network_mode": "default",
            "networks": null,
            "networks_advanced": [
              {
                "aliases": [],
                "ipv4_address": "",
                "ipv6_address": "",
                "name": "wp_network"
              }
            ],
            "pid_mode": "",
            "ports": [],
            "privileged": false,
            "publish_all_ports": false,
            "read_only": false,
            "restart": "always",
            "rm": false,
            "shm_size": 64,
            "start": true,
            "sysctls": {},
            "tmpfs": {},
            "ulimit": [],
            "upload": [],
            "user": "",
            "userns_mode": "",
            "volumes": [
              {
                "container_path": "/var/lib/mysql",
                "from_container": "",
                "host_path": "",
                "read_only": false,
                "volume_name": "db_data"
              }
            ],
            "working_dir": ""
          },
          "private": "eyJzY2hlbWFfdmVyc2lvbiI6IjIifQ==",
          "dependencies": [
            "docker_image.mysql",
            "docker_network.wp",
            "docker_volume.db_data"
          ]
        }
      ]
    },
    {
      "mode": "managed",
      "type": "docker_container",
      "name": "drupal",
      "provider": "provider[\"registry.terraform.io/terraform-providers/docker\"]",
      "instances": [
        {
          "schema_version": 2,
          "attributes": {
            "attach": false,
            "bridge": "",
            "capabilities": [],
            "command": [
              "apache2-foreground"
            ],
            "container_logs": null,
            "cpu_set": "",
            "cpu_shares": 0,
            "destroy_grace_seconds": null,
            "devices": [],
            "dns": [],
            "dns_opts": [],
            "dns_search": null,
            "domainname": "",
            "entrypoint": [
              "docker-php-entrypoint"
            ],
            "env": null,
            "exit_code": null,
            "gateway": "192.168.128.1",
            "group_add": null,
            "healthcheck": [],
            "host": [],
            "hostname": "f3e305f0d04b",
            "id": "f3e305f0d04bc6627df8e0943143cebb62db74a475e3bb28e253fe4e2739b408",
            "image": "sha256:f19c5c95f9c795a132f2df287b18e5e659658b3fa3a66a1d7443a92ad1f6f710",
            "ip_address": "192.168.128.2",
            "ip_prefix_length": 20,
            "ipc_mode": "private",
            "labels": [],
            "links": null,
            "log_driver": "json-file",
            "log_opts": {},
            "logs": false,
            "max_retry_count": 0,
            "memory": 0,
            "memory_swap": 0,
            "mounts": [],
            "must_run": true,
            "name": "drupal",
            "network_alias": null,
            "network_data": [
              {
                "gateway": "192.168.128.1",
                "ip_address": "192.168.128.2",
                "ip_prefix_length": 20,
                "network_name": "wp_network"
              }
            ],
            "network_mode": "default",
            "networks": null,
            "networks_advanced": [
              {
                "aliases": [],
                "ipv4_address": "",
                "ipv6_address": "",
                "name": "wp_network"
              }
            ],
            "pid_mode": "",
            "ports": [
              {
                "external": 8081,
                "internal": 80,
                "ip": "0.0.0.0",
                "protocol": "tcp"
              }
            ],
            "privileged": false,
            "publish_all_ports": false,
            "read_only": false,
            "restart": "always",
            "rm": false,
            "shm_size": 64,
            "start": true,
            "sysctls": null,
            "tmpfs": null,
            "ulimit": [],
            "upload": [],
            "user": "",
            "userns_mode": "",
            "volumes": [],
            "working_dir": "/opt/drupal"
          },
          "private": "eyJzY2hlbWFfdmVyc2lvbiI6IjIifQ==",
          "dependencies": [
            "docker_image.drupal",
            "docker_network.wp"
          ]
        }
      ]
    },
    {
      "mode": "managed",
      "type": "docker_image",
      "name": "drupal",
      "provider": "provider[\"registry.terraform.io/terraform-providers/docker\"]",
      "instances": [
        {
          "schema_version": 0,
          "attributes": {
            "id": "sha256:f19c5c95f9c795a132f2df287b18e5e659658b3fa3a66a1d7443a92ad1f6f710drupal",
            "keep_locally": null,
            "latest": "sha256:f19c5c95f9c795a132f2df287b18e5e659658b3fa3a66a1d7443a92ad1f6f710",
            "name": "drupal",
            "pull_trigger": null,
            "pull_triggers": null
          },
          "private": "bnVsbA=="
        }
      ]
    },
    {
      "mode": "managed",
      "type": "docker_image",
      "name": "mysql",
      "provider": "provider[\"registry.terraform.io/terraform-providers/docker\"]",
      "instances": [
        {
          "schema_version": 0,
          "attributes": {
            "id": "sha256:e1d7dc9731daa2c79858307d65ef35f543daf97457b9c11b681f78bb86f7a158mysql",
            "keep_locally": null,
            "latest": "sha256:e1d7dc9731daa2c79858307d65ef35f543daf97457b9c11b681f78bb86f7a158",
            "name": "mysql",
            "pull_trigger": null,
            "pull_triggers": null
          },
          "private": "bnVsbA=="
        }
      ]
    },
    {
      "mode": "managed",
      "type": "docker_network",
      "name": "wp",
      "provider": "provider[\"registry.terraform.io/terraform-providers/docker\"]",
      "instances": [
        {
          "schema_version": 1,
          "attributes": {
            "attachable": false,
            "check_duplicate": null,
            "driver": "bridge",
            "id": "0b9006cbcf297bcf2f29ffb4acf5085e97b32a1c3921552fe74bf9fc64bd6f0c",
            "ingress": false,
            "internal": false,
            "ipam_config": [
              {
                "aux_address": {},
                "gateway": "192.168.128.1",
                "ip_range": "",
                "subnet": "192.168.128.0/20"
              }
            ],
            "ipam_driver": "default",
            "ipv6": false,
            "labels": [],
            "name": "wp_network",
            "options": {},
            "scope": "local"
          },
          "private": "eyJzY2hlbWFfdmVyc2lvbiI6IjEifQ=="
        }
      ]
    },
    {
      "mode": "managed",
      "type": "docker_volume",
      "name": "db_data",
      "provider": "provider[\"registry.terraform.io/terraform-providers/docker\"]",
      "instances": [
        {
          "schema_version": 1,
          "attributes": {
            "driver": "local",
            "driver_opts": {},
            "id": "db_data",
            "labels": [],
            "mountpoint": "/var/lib/docker/volumes/db_data/_data",
            "name": "db_data"
          },
          "private": "eyJzY2hlbWFfdmVyc2lvbiI6IjEifQ=="
        }
      ]
    }
  ]
}
